
Microsoft Visual Studio Solution File, Format Version 12.00
# Visual Studio Version 16
VisualStudioVersion = 25.0.1704.2
MinimumVisualStudioVersion = 10.0.40219.1
Project("{FAE04EC0-301F-11D3-BF4B-00C04F79EFBC}") = "CsharpAssignment1", "CsharpAssignment1\CsharpAssignment1.csproj", "{F27D464F-6E43-4566-9CE5-90A6F2BE08E1}"
EndProject
Global
	GlobalSection(SolutionConfigurationPlatforms) = preSolution
		Debug|Any CPU = Debug|Any CPU
		Release|Any CPU = Release|Any CPU
	EndGlobalSection
	GlobalSection(ProjectConfigurationPlatforms) = postSolution
		{F27D464F-6E43-4566-9CE5-90A6F2BE08E1}.Debug|Any CPU.ActiveCfg = Debug|Any CPU
		{F27D464F-6E43-4566-9CE5-90A6F2BE08E1}.Debug|Any CPU.Build.0 = Debug|Any CPU
		{F27D464F-6E43-4566-9CE5-90A6F2BE08E1}.Release|Any CPU.ActiveCfg = Release|Any CPU
		{F27D464F-6E43-4566-9CE5-90A6F2BE08E1}.Release|Any CPU.Build.0 = Release|Any CPU
	EndGlobalSection
	GlobalSection(SolutionProperties) = preSolution
		HideSolutionNode = FALSE
	EndGlobalSection
	GlobalSection(ExtensibilityGlobals) = postSolution
		SolutionGuid = {4EE6CB16-DEAD-4F49-8218-44E4811E8734}
	EndGlobalSection
EndGlobal
